
Microsoft Visual Studio Solution File, Format Version 12.00
# Visual Studio Version 17
VisualStudioVersion = 17.3.32929.385
MinimumVisualStudioVersion = 10.0.40219.1
Project("{FAE04EC0-301F-11D3-BF4B-00C04F79EFBC}") = "roman-numerals-kata", "roman-numerals-kata\roman-numerals-kata.csproj", "{2FCC7FAC-913D-4F89-84DE-9DC60FACD8FB}"
EndProject
Project("{FAE04EC0-301F-11D3-BF4B-00C04F79EFBC}") = "roman-numerals-kata-tests", "roman-numerals-kata-tests\roman-numerals-kata-tests.csproj", "{49E12C86-5441-4DAC-95E2-8C97D0A8D855}"
EndProject
Global
	GlobalSection(SolutionConfigurationPlatforms) = preSolution
		Debug|Any CPU = Debug|Any CPU
		Release|Any CPU = Release|Any CPU
	EndGlobalSection
	GlobalSection(ProjectConfigurationPlatforms) = postSolution
		{2FCC7FAC-913D-4F89-84DE-9DC60FACD8FB}.Debug|Any CPU.ActiveCfg = Debug|Any CPU
		{2FCC7FAC-913D-4F89-84DE-9DC60FACD8FB}.Debug|Any CPU.Build.0 = Debug|Any CPU
		{2FCC7FAC-913D-4F89-84DE-9DC60FACD8FB}.Release|Any CPU.ActiveCfg = Release|Any CPU
		{2FCC7FAC-913D-4F89-84DE-9DC60FACD8FB}.Release|Any CPU.Build.0 = Release|Any CPU
		{49E12C86-5441-4DAC-95E2-8C97D0A8D855}.Debug|Any CPU.ActiveCfg = Debug|Any CPU
		{49E12C86-5441-4DAC-95E2-8C97D0A8D855}.Debug|Any CPU.Build.0 = Debug|Any CPU
		{49E12C86-5441-4DAC-95E2-8C97D0A8D855}.Release|Any CPU.ActiveCfg = Release|Any CPU
		{49E12C86-5441-4DAC-95E2-8C97D0A8D855}.Release|Any CPU.Build.0 = Release|Any CPU
	EndGlobalSection
	GlobalSection(SolutionProperties) = preSolution
		HideSolutionNode = FALSE
	EndGlobalSection
	GlobalSection(ExtensibilityGlobals) = postSolution
		SolutionGuid = {D308DCDB-F8D5-431E-AB00-3B57FB9AEA93}
	EndGlobalSection
EndGlobal
